
Microsoft Visual Studio Solution File, Format Version 12.00
# Visual Studio Version 17
VisualStudioVersion = 17.14.37328.6 d17.14
MinimumVisualStudioVersion = 10.0.40219.1
Project("{FAE04EC0-301F-11D3-BF4B-00C04F79EFBC}") = "WhatsAppChatBot.Api", "..\WhatsAppChatBot.Api.Twillio.Poc\WhatsAppChatBot.Api.csproj", "{37334E92-6908-4AA3-A211-AFC0937F25AF}"
EndProject
Project("{FAE04EC0-301F-11D3-BF4B-00C04F79EFBC}") = "WhatsAppChatBot.Business", "..\WhatsAppChatBot.Business\WhatsAppChatBot.Business.csproj", "{499659A9-15AE-4599-8611-A999F4187EBA}"
EndProject
Global
	GlobalSection(SolutionConfigurationPlatforms) = preSolution
		Debug|Any CPU = Debug|Any CPU
		Release|Any CPU = Release|Any CPU
	EndGlobalSection
	GlobalSection(ProjectConfigurationPlatforms) = postSolution
		{37334E92-6908-4AA3-A211-AFC0937F25AF}.Debug|Any CPU.ActiveCfg = Debug|Any CPU
		{37334E92-6908-4AA3-A211-AFC0937F25AF}.Debug|Any CPU.Build.0 = Debug|Any CPU
		{37334E92-6908-4AA3-A211-AFC0937F25AF}.Release|Any CPU.ActiveCfg = Release|Any CPU
		{37334E92-6908-4AA3-A211-AFC0937F25AF}.Release|Any CPU.Build.0 = Release|Any CPU
		{499659A9-15AE-4599-8611-A999F4187EBA}.Debug|Any CPU.ActiveCfg = Debug|Any CPU
		{499659A9-15AE-4599-8611-A999F4187EBA}.Debug|Any CPU.Build.0 = Debug|Any CPU
		{499659A9-15AE-4599-8611-A999F4187EBA}.Release|Any CPU.ActiveCfg = Release|Any CPU
		{499659A9-15AE-4599-8611-A999F4187EBA}.Release|Any CPU.Build.0 = Release|Any CPU
	EndGlobalSection
	GlobalSection(SolutionProperties) = preSolution
		HideSolutionNode = FALSE
	EndGlobalSection
	GlobalSection(ExtensibilityGlobals) = postSolution
		SolutionGuid = {0B51B71E-E815-4B79-B38D-467324A4A0EB}
	EndGlobalSection
EndGlobal
